
Microsoft Visual Studio Solution File, Format Version 12.00
# Visual Studio Version 16
VisualStudioVersion = 16.0.30804.86
MinimumVisualStudioVersion = 10.0.40219.1
Project("{9A19103F-16F7-4668-BE54-9A1E7A4F7556}") = "ConstructionCalculator.Api", "ConstructionCalculator.Api\ConstructionCalculator.Api.csproj", "{D7575883-879A-4ACD-A2AB-585F0364B6D8}"
EndProject
Project("{FAE04EC0-301F-11D3-BF4B-00C04F79EFBC}") = "ConstructionCalculator.Test", "ConstructionCalculator.Test\ConstructionCalculator.Test.csproj", "{B736CCF9-2856-430B-83A5-7230A123DF46}"
EndProject
Global
	GlobalSection(SolutionConfigurationPlatforms) = preSolution
		Debug|Any CPU = Debug|Any CPU
		Release|Any CPU = Release|Any CPU
	EndGlobalSection
	GlobalSection(ProjectConfigurationPlatforms) = postSolution
		{D7575883-879A-4ACD-A2AB-585F0364B6D8}.Debug|Any CPU.ActiveCfg = Debug|Any CPU
		{D7575883-879A-4ACD-A2AB-585F0364B6D8}.Debug|Any CPU.Build.0 = Debug|Any CPU
		{D7575883-879A-4ACD-A2AB-585F0364B6D8}.Release|Any CPU.ActiveCfg = Release|Any CPU
		{D7575883-879A-4ACD-A2AB-585F0364B6D8}.Release|Any CPU.Build.0 = Release|Any CPU
		{B736CCF9-2856-430B-83A5-7230A123DF46}.Debug|Any CPU.ActiveCfg = Debug|Any CPU
		{B736CCF9-2856-430B-83A5-7230A123DF46}.Debug|Any CPU.Build.0 = Debug|Any CPU
		{B736CCF9-2856-430B-83A5-7230A123DF46}.Release|Any CPU.ActiveCfg = Release|Any CPU
		{B736CCF9-2856-430B-83A5-7230A123DF46}.Release|Any CPU.Build.0 = Release|Any CPU
	EndGlobalSection
	GlobalSection(SolutionProperties) = preSolution
		HideSolutionNode = FALSE
	EndGlobalSection
	GlobalSection(ExtensibilityGlobals) = postSolution
		SolutionGuid = {68C4BA35-3548-442A-9D8F-1B14DBC50A74}
	EndGlobalSection
EndGlobal
